// !$*UTF8*$!
{
	archiveVersion = 1;
	classes = {
	};
	objectVersion = 46;
	objects = {

/* Begin PBXBuildFile section */
		FF237833185667CB003CCE7B /* ScreenshotsListener.m in Sources */ = {isa = PBXBuildFile; fileRef = FF237832185667CB003CCE7B /* ScreenshotsListener.m */; };
		FF237836185678A6003CCE7B /* LSFileUploader.m in Sources */ = {isa = PBXBuildFile; fileRef = FF237835185678A6003CCE7B /* LSFileUploader.m */; };
		FF23783A1856CD6F003CCE7B /* LSFileUpload.m in Sources */ = {isa = PBXBuildFile; fileRef = FF2378391856CD6F003CCE7B /* LSFileUpload.m */; };
		FF23783D1857F821003CCE7B /* LSHTTPFileUpload.m in Sources */ = {isa = PBXBuildFile; fileRef = FF23783C1857F821003CCE7B /* LSHTTPFileUpload.m */; };
		FF39EDD3185657E4008796DA /* Cocoa.framework in Frameworks */ = {isa = PBXBuildFile; fileRef = FF39EDD2185657E4008796DA /* Cocoa.framework */; };
		FF39EDDD185657E4008796DA /* InfoPlist.strings in Resources */ = {isa = PBXBuildFile; fileRef = FF39EDDB185657E4008796DA /* InfoPlist.strings */; };
		FF39EDDF185657E4008796DA /* main.m in Sources */ = {isa = PBXBuildFile; fileRef = FF39EDDE185657E4008796DA /* main.m */; };
		FF39EDE3185657E4008796DA /* Credits.rtf in Resources */ = {isa = PBXBuildFile; fileRef = FF39EDE1185657E4008796DA /* Credits.rtf */; };
		FF39EDE6185657E4008796DA /* AppDelegate.m in Sources */ = {isa = PBXBuildFile; fileRef = FF39EDE5185657E4008796DA /* AppDelegate.m */; };
		FF39EDEB185657E4008796DA /* Images.xcassets in Resources */ = {isa = PBXBuildFile; fileRef = FF39EDEA185657E4008796DA /* Images.xcassets */; };
		FF39EDF2185657E4008796DA /* XCTest.framework in Frameworks */ = {isa = PBXBuildFile; fileRef = FF39EDF1185657E4008796DA /* XCTest.framework */; };
		FF39EDF3185657E4008796DA /* Cocoa.framework in Frameworks */ = {isa = PBXBuildFile; fileRef = FF39EDD2185657E4008796DA /* Cocoa.framework */; };
		FF4B929D1857F9FD00A80EC4 /* CURLHandle.framework in Frameworks */ = {isa = PBXBuildFile; fileRef = FF4B929C1857F9FD00A80EC4 /* CURLHandle.framework */; };
		FF4B929E18580DDF00A80EC4 /* MainMenu.xib in Resources */ = {isa = PBXBuildFile; fileRef = FF39EDE7185657E4008796DA /* MainMenu.xib */; };
		FF4B92A018580F2700A80EC4 /* CURLHandle.framework in CopyFiles */ = {isa = PBXBuildFile; fileRef = FF4B929C1857F9FD00A80EC4 /* CURLHandle.framework */; };
/* End PBXBuildFile section */

/* Begin PBXContainerItemProxy section */
		FF39EDF4185657E4008796DA /* PBXContainerItemProxy */ = {
			isa = PBXContainerItemProxy;
			containerPortal = FF39EDC7185657E4008796DA /* Project object */;
			proxyType = 1;
			remoteGlobalIDString = FF39EDCE185657E4008796DA;
			remoteInfo = Droplet;
		};
/* End PBXContainerItemProxy section */

/* Begin PBXCopyFilesBuildPhase section */
		FF4B929F18580F1800A80EC4 /* CopyFiles */ = {
			isa = PBXCopyFilesBuildPhase;
			buildActionMask = 2147483647;
			dstPath = "";
			dstSubfolderSpec = 10;
			files = (
				FF4B92A018580F2700A80EC4 /* CURLHandle.framework in CopyFiles */,
			);
			runOnlyForDeploymentPostprocessing = 0;
		};
/* End PBXCopyFilesBuildPhase section */

/* Begin PBXFileReference section */
		FF237831185667CB003CCE7B /* ScreenshotsListener.h */ = {isa = PBXFileReference; fileEncoding = 4; lastKnownFileType = sourcecode.c.h; path = ScreenshotsListener.h; sourceTree = "<group>"; };
		FF237832185667CB003CCE7B /* ScreenshotsListener.m */ = {isa = PBXFileReference; fileEncoding = 4; lastKnownFileType = sourcecode.c.objc; path = ScreenshotsListener.m; sourceTree = "<group>"; };
		FF237834185678A6003CCE7B /* LSFileUploader.h */ = {isa = PBXFileReference; fileEncoding = 4; lastKnownFileType = sourcecode.c.h; path = LSFileUploader.h; sourceTree = "<group>"; };
		FF237835185678A6003CCE7B /* LSFileUploader.m */ = {isa = PBXFileReference; fileEncoding = 4; lastKnownFileType = sourcecode.c.objc; path = LSFileUploader.m; sourceTree = "<group>"; };
		FF2378371856CB1F003CCE7B /* LSFileUploadDelegate.h */ = {isa = PBXFileReference; lastKnownFileType = sourcecode.c.h; path = LSFileUploadDelegate.h; sourceTree = "<group>"; };
		FF2378381856CD6F003CCE7B /* LSFileUpload.h */ = {isa = PBXFileReference; fileEncoding = 4; lastKnownFileType = sourcecode.c.h; path = LSFileUpload.h; sourceTree = "<group>"; };
		FF2378391856CD6F003CCE7B /* LSFileUpload.m */ = {isa = PBXFileReference; fileEncoding = 4; lastKnownFileType = sourcecode.c.objc; path = LSFileUpload.m; sourceTree = "<group>"; };
		FF23783B1857F821003CCE7B /* LSHTTPFileUpload.h */ = {isa = PBXFileReference; fileEncoding = 4; lastKnownFileType = sourcecode.c.h; path = LSHTTPFileUpload.h; sourceTree = "<group>"; };
		FF23783C1857F821003CCE7B /* LSHTTPFileUpload.m */ = {isa = PBXFileReference; fileEncoding = 4; lastKnownFileType = sourcecode.c.objc; path = LSHTTPFileUpload.m; sourceTree = "<group>"; };
		FF39EDCF185657E4008796DA /* Droplet.app */ = {isa = PBXFileReference; explicitFileType = wrapper.application; includeInIndex = 0; path = Droplet.app; sourceTree = BUILT_PRODUCTS_DIR; };
		FF39EDD2185657E4008796DA /* Cocoa.framework */ = {isa = PBXFileReference; lastKnownFileType = wrapper.framework; name = Cocoa.framework; path = System/Library/Frameworks/Cocoa.framework; sourceTree = SDKROOT; };
		FF39EDD5185657E4008796DA /* AppKit.framework */ = {isa = PBXFileReference; lastKnownFileType = wrapper.framework; name = AppKit.framework; path = System/Library/Frameworks/AppKit.framework; sourceTree = SDKROOT; };
		FF39EDD6185657E4008796DA /* CoreData.framework */ = {isa = PBXFileReference; lastKnownFileType = wrapper.framework; name = CoreData.framework; path = System/Library/Frameworks/CoreData.framework; sourceTree = SDKROOT; };
		FF39EDD7185657E4008796DA /* Foundation.framework */ = {isa = PBXFileReference; lastKnownFileType = wrapper.framework; name = Foundation.framework; path = System/Library/Frameworks/Foundation.framework; sourceTree = SDKROOT; };
		FF39EDDA185657E4008796DA /* Droplet-Info.plist */ = {isa = PBXFileReference; lastKnownFileType = text.plist.xml; path = "Droplet-Info.plist"; sourceTree = "<group>"; };
		FF39EDDC185657E4008796DA /* en */ = {isa = PBXFileReference; lastKnownFileType = text.plist.strings; name = en; path = en.lproj/InfoPlist.strings; sourceTree = "<group>"; };
		FF39EDDE185657E4008796DA /* main.m */ = {isa = PBXFileReference; lastKnownFileType = sourcecode.c.objc; path = main.m; sourceTree = "<group>"; };
		FF39EDE0185657E4008796DA /* Droplet-Prefix.pch */ = {isa = PBXFileReference; lastKnownFileType = sourcecode.c.h; path = "Droplet-Prefix.pch"; sourceTree = "<group>"; };
		FF39EDE2185657E4008796DA /* en */ = {isa = PBXFileReference; lastKnownFileType = text.rtf; name = en; path = en.lproj/Credits.rtf; sourceTree = "<group>"; };
		FF39EDE4185657E4008796DA /* AppDelegate.h */ = {isa = PBXFileReference; lastKnownFileType = sourcecode.c.h; path = AppDelegate.h; sourceTree = "<group>"; };
		FF39EDE5185657E4008796DA /* AppDelegate.m */ = {isa = PBXFileReference; lastKnownFileType = sourcecode.c.objc; path = AppDelegate.m; sourceTree = "<group>"; };
		FF39EDE8185657E4008796DA /* Base */ = {isa = PBXFileReference; lastKnownFileType = file.xib; name = Base; path = Base.lproj/MainMenu.xib; sourceTree = "<group>"; };
		FF39EDEA185657E4008796DA /* Images.xcassets */ = {isa = PBXFileReference; lastKnownFileType = folder.assetcatalog; path = Images.xcassets; sourceTree = "<group>"; };
		FF39EDF0185657E4008796DA /* DropletTests.xctest */ = {isa = PBXFileReference; explicitFileType = wrapper.cfbundle; includeInIndex = 0; path = DropletTests.xctest; sourceTree = BUILT_PRODUCTS_DIR; };
		FF39EDF1185657E4008796DA /* XCTest.framework */ = {isa = PBXFileReference; lastKnownFileType = wrapper.framework; name = XCTest.framework; path = Library/Frameworks/XCTest.framework; sourceTree = DEVELOPER_DIR; };
		FF4B929C1857F9FD00A80EC4 /* CURLHandle.framework */ = {isa = PBXFileReference; lastKnownFileType = wrapper.framework; path = CURLHandle.framework; sourceTree = "<group>"; };
/* End PBXFileReference section */

/* Begin PBXFrameworksBuildPhase section */
		FF39EDCC185657E4008796DA /* Frameworks */ = {
			isa = PBXFrameworksBuildPhase;
			buildActionMask = 2147483647;
			files = (
				FF4B929D1857F9FD00A80EC4 /* CURLHandle.framework in Frameworks */,
				FF39EDD3185657E4008796DA /* Cocoa.framework in Frameworks */,
			);
			runOnlyForDeploymentPostprocessing = 0;
		};
		FF39EDED185657E4008796DA /* Frameworks */ = {
			isa = PBXFrameworksBuildPhase;
			buildActionMask = 2147483647;
			files = (
				FF39EDF3185657E4008796DA /* Cocoa.framework in Frameworks */,
				FF39EDF2185657E4008796DA /* XCTest.framework in Frameworks */,
			);
			runOnlyForDeploymentPostprocessing = 0;
		};
/* End PBXFrameworksBuildPhase section */

/* Begin PBXGroup section */
		FF39EDC6185657E4008796DA = {
			isa = PBXGroup;
			children = (
				FF23783B1857F821003CCE7B /* LSHTTPFileUpload.h */,
				FF23783C1857F821003CCE7B /* LSHTTPFileUpload.m */,
				FF2378381856CD6F003CCE7B /* LSFileUpload.h */,
				FF2378391856CD6F003CCE7B /* LSFileUpload.m */,
				FF2378371856CB1F003CCE7B /* LSFileUploadDelegate.h */,
				FF237834185678A6003CCE7B /* LSFileUploader.h */,
				FF237835185678A6003CCE7B /* LSFileUploader.m */,
				FF237831185667CB003CCE7B /* ScreenshotsListener.h */,
				FF237832185667CB003CCE7B /* ScreenshotsListener.m */,
				FF39EDD8185657E4008796DA /* Droplet */,
				FF39EDD1185657E4008796DA /* Frameworks */,
				FF39EDD0185657E4008796DA /* Products */,
			);
			sourceTree = "<group>";
		};
		FF39EDD0185657E4008796DA /* Products */ = {
			isa = PBXGroup;
			children = (
				FF39EDCF185657E4008796DA /* Droplet.app */,
				FF39EDF0185657E4008796DA /* DropletTests.xctest */,
			);
			name = Products;
			sourceTree = "<group>";
		};
		FF39EDD1185657E4008796DA /* Frameworks */ = {
			isa = PBXGroup;
			children = (
				FF4B929C1857F9FD00A80EC4 /* CURLHandle.framework */,
				FF39EDD2185657E4008796DA /* Cocoa.framework */,
				FF39EDF1185657E4008796DA /* XCTest.framework */,
				FF39EDD4185657E4008796DA /* Other Frameworks */,
			);
			name = Frameworks;
			sourceTree = "<group>";
		};
		FF39EDD4185657E4008796DA /* Other Frameworks */ = {
			isa = PBXGroup;
			children = (
				FF39EDD5185657E4008796DA /* AppKit.framework */,
				FF39EDD6185657E4008796DA /* CoreData.framework */,
				FF39EDD7185657E4008796DA /* Foundation.framework */,
			);
			name = "Other Frameworks";
			sourceTree = "<group>";
		};
		FF39EDD8185657E4008796DA /* Droplet */ = {
			isa = PBXGroup;
			children = (
				FF39EDE4185657E4008796DA /* AppDelegate.h */,
				FF39EDE5185657E4008796DA /* AppDelegate.m */,
				FF39EDE7185657E4008796DA /* MainMenu.xib */,
				FF39EDEA185657E4008796DA /* Images.xcassets */,
				FF39EDD9185657E4008796DA /* Supporting Files */,
			);
			path = Droplet;
			sourceTree = "<group>";
		};
		FF39EDD9185657E4008796DA /* Supporting Files */ = {
			isa = PBXGroup;
			children = (
				FF39EDDA185657E4008796DA /* Droplet-Info.plist */,
				FF39EDDB185657E4008796DA /* InfoPlist.strings */,
				FF39EDDE185657E4008796DA /* main.m */,
				FF39EDE0185657E4008796DA /* Droplet-Prefix.pch */,
				FF39EDE1185657E4008796DA /* Credits.rtf */,
			);
			name = "Supporting Files";
			sourceTree = "<group>";
		};
/* End PBXGroup section */

/* Begin PBXNativeTarget section */
		FF39EDCE185657E4008796DA /* Droplet */ = {
			isa = PBXNativeTarget;
			buildConfigurationList = FF39EE00185657E4008796DA /* Build configuration list for PBXNativeTarget "Droplet" */;
			buildPhases = (
				FF39EDCB185657E4008796DA /* Sources */,
				FF39EDCC185657E4008796DA /* Frameworks */,
				FF39EDCD185657E4008796DA /* Resources */,
				FF4B929F18580F1800A80EC4 /* CopyFiles */,
			);
			buildRules = (
			);
			dependencies = (
			);
			name = Droplet;
			productName = Droplet;
			productReference = FF39EDCF185657E4008796DA /* Droplet.app */;
			productType = "com.apple.product-type.application";
		};
		FF39EDEF185657E4008796DA /* DropletTests */ = {
			isa = PBXNativeTarget;
			buildConfigurationList = FF39EE03185657E4008796DA /* Build configuration list for PBXNativeTarget "DropletTests" */;
			buildPhases = (
				FF39EDEC185657E4008796DA /* Sources */,
				FF39EDED185657E4008796DA /* Frameworks */,
				FF39EDEE185657E4008796DA /* Resources */,
			);
			buildRules = (
			);
			dependencies = (
				FF39EDF5185657E4008796DA /* PBXTargetDependency */,
			);
			name = DropletTests;
			productName = DropletTests;
			productReference = FF39EDF0185657E4008796DA /* DropletTests.xctest */;
			productType = "com.apple.product-type.bundle.unit-test";
		};
/* End PBXNativeTarget section */

/* Begin PBXProject section */
		FF39EDC7185657E4008796DA /* Project object */ = {
			isa = PBXProject;
			attributes = {
				LastUpgradeCheck = 0500;
				ORGANIZATIONNAME = Larickstudios;
				TargetAttributes = {
					FF39EDEF185657E4008796DA = {
						TestTargetID = FF39EDCE185657E4008796DA;
					};
				};
			};
			buildConfigurationList = FF39EDCA185657E4008796DA /* Build configuration list for PBXProject "Droplet" */;
			compatibilityVersion = "Xcode 3.2";
			developmentRegion = English;
			hasScannedForEncodings = 0;
			knownRegions = (
				en,
				Base,
			);
			mainGroup = FF39EDC6185657E4008796DA;
			productRefGroup = FF39EDD0185657E4008796DA /* Products */;
			projectDirPath = "";
			projectRoot = "";
			targets = (
				FF39EDCE185657E4008796DA /* Droplet */,
				FF39EDEF185657E4008796DA /* DropletTests */,
			);
		};
/* End PBXProject section */

/* Begin PBXResourcesBuildPhase section */
		FF39EDCD185657E4008796DA /* Resources */ = {
			isa = PBXResourcesBuildPhase;
			buildActionMask = 2147483647;
			files = (
				FF39EDDD185657E4008796DA /* InfoPlist.strings in Resources */,
				FF39EDEB185657E4008796DA /* Images.xcassets in Resources */,
				FF39EDE3185657E4008796DA /* Credits.rtf in Resources */,
				FF4B929E18580DDF00A80EC4 /* MainMenu.xib in Resources */,
			);
			runOnlyForDeploymentPostprocessing = 0;
		};
		FF39EDEE185657E4008796DA /* Resources */ = {
			isa = PBXResourcesBuildPhase;
			buildActionMask = 2147483647;
			files = (
			);
			runOnlyForDeploymentPostprocessing = 0;
		};
/* End PBXResourcesBuildPhase section */

/* Begin PBXSourcesBuildPhase section */
		FF39EDCB185657E4008796DA /* Sources */ = {
			isa = PBXSourcesBuildPhase;
			buildActionMask = 2147483647;
			files = (
				FF39EDE6185657E4008796DA /* AppDelegate.m in Sources */,
				FF23783D1857F821003CCE7B /* LSHTTPFileUpload.m in Sources */,
				FF23783A1856CD6F003CCE7B /* LSFileUpload.m in Sources */,
				FF39EDDF185657E4008796DA /* main.m in Sources */,
				FF237836185678A6003CCE7B /* LSFileUploader.m in Sources */,
				FF237833185667CB003CCE7B /* ScreenshotsListener.m in Sources */,
			);
			runOnlyForDeploymentPostprocessing = 0;
		};
		FF39EDEC185657E4008796DA /* Sources */ = {
			isa = PBXSourcesBuildPhase;
			buildActionMask = 2147483647;
			files = (
			);
			runOnlyForDeploymentPostprocessing = 0;
		};
/* End PBXSourcesBuildPhase section */

/* Begin PBXTargetDependency section */
		FF39EDF5185657E4008796DA /* PBXTargetDependency */ = {
			isa = PBXTargetDependency;
			target = FF39EDCE185657E4008796DA /* Droplet */;
			targetProxy = FF39EDF4185657E4008796DA /* PBXContainerItemProxy */;
		};
/* End PBXTargetDependency section */

/* Begin PBXVariantGroup section */
		FF39EDDB185657E4008796DA /* InfoPlist.strings */ = {
			isa = PBXVariantGroup;
			children = (
				FF39EDDC185657E4008796DA /* en */,
			);
			name = InfoPlist.strings;
			sourceTree = "<group>";
		};
		FF39EDE1185657E4008796DA /* Credits.rtf */ = {
			isa = PBXVariantGroup;
			children = (
				FF39EDE2185657E4008796DA /* en */,
			);
			name = Credits.rtf;
			sourceTree = "<group>";
		};
		FF39EDE7185657E4008796DA /* MainMenu.xib */ = {
			isa = PBXVariantGroup;
			children = (
				FF39EDE8185657E4008796DA /* Base */,
			);
			name = MainMenu.xib;
			sourceTree = "<group>";
		};
/* End PBXVariantGroup section */

/* Begin XCBuildConfiguration section */
		FF39EDFE185657E4008796DA /* Debug */ = {
			isa = XCBuildConfiguration;
			buildSettings = {
				ALWAYS_SEARCH_USER_PATHS = NO;
				CLANG_CXX_LANGUAGE_STANDARD = "gnu++0x";
				CLANG_CXX_LIBRARY = "libc++";
				CLANG_ENABLE_OBJC_ARC = YES;
				CLANG_WARN_BOOL_CONVERSION = YES;
				CLANG_WARN_CONSTANT_CONVERSION = YES;
				CLANG_WARN_DIRECT_OBJC_ISA_USAGE = YES_ERROR;
				CLANG_WARN_EMPTY_BODY = YES;
				CLANG_WARN_ENUM_CONVERSION = YES;
				CLANG_WARN_INT_CONVERSION = YES;
				CLANG_WARN_OBJC_ROOT_CLASS = YES_ERROR;
				CLANG_WARN__DUPLICATE_METHOD_MATCH = YES;
				COPY_PHASE_STRIP = NO;
				GCC_C_LANGUAGE_STANDARD = gnu99;
				GCC_DYNAMIC_NO_PIC = NO;
				GCC_ENABLE_OBJC_EXCEPTIONS = YES;
				GCC_OPTIMIZATION_LEVEL = 0;
				GCC_PREPROCESSOR_DEFINITIONS = (
					"DEBUG=1",
					"$(inherited)",
				);
				GCC_SYMBOLS_PRIVATE_EXTERN = NO;
				GCC_WARN_64_TO_32_BIT_CONVERSION = YES;
				GCC_WARN_ABOUT_RETURN_TYPE = YES_ERROR;
				GCC_WARN_UNDECLARED_SELECTOR = YES;
				GCC_WARN_UNINITIALIZED_AUTOS = YES;
				GCC_WARN_UNUSED_FUNCTION = YES;
				GCC_WARN_UNUSED_VARIABLE = YES;
				MACOSX_DEPLOYMENT_TARGET = 10.9;
				ONLY_ACTIVE_ARCH = YES;
				SDKROOT = macosx;
			};
			name = Debug;
		};
		FF39EDFF185657E4008796DA /* Release */ = {
			isa = XCBuildConfiguration;
			buildSettings = {
				ALWAYS_SEARCH_USER_PATHS = NO;
				CLANG_CXX_LANGUAGE_STANDARD = "gnu++0x";
				CLANG_CXX_LIBRARY = "libc++";
				CLANG_ENABLE_OBJC_ARC = YES;
				CLANG_WARN_BOOL_CONVERSION = YES;
				CLANG_WARN_CONSTANT_CONVERSION = YES;
				CLANG_WARN_DIRECT_OBJC_ISA_USAGE = YES_ERROR;
				CLANG_WARN_EMPTY_BODY = YES;
				CLANG_WARN_ENUM_CONVERSION = YES;
				CLANG_WARN_INT_CONVERSION = YES;
				CLANG_WARN_OBJC_ROOT_CLASS = YES_ERROR;
				CLANG_WARN__DUPLICATE_METHOD_MATCH = YES;
				COPY_PHASE_STRIP = YES;
				DEBUG_INFORMATION_FORMAT = "dwarf-with-dsym";
				ENABLE_NS_ASSERTIONS = NO;
				GCC_C_LANGUAGE_STANDARD = gnu99;
				GCC_ENABLE_OBJC_EXCEPTIONS = YES;
				GCC_WARN_64_TO_32_BIT_CONVERSION = YES;
				GCC_WARN_ABOUT_RETURN_TYPE = YES_ERROR;
				GCC_WARN_UNDECLARED_SELECTOR = YES;
				GCC_WARN_UNINITIALIZED_AUTOS = YES;
				GCC_WARN_UNUSED_FUNCTION = YES;
				GCC_WARN_UNUSED_VARIABLE = YES;
				MACOSX_DEPLOYMENT_TARGET = 10.9;
				SDKROOT = macosx;
			};
			name = Release;
		};
		FF39EE01185657E4008796DA /* Debug */ = {
			isa = XCBuildConfiguration;
			buildSettings = {
				ASSETCATALOG_COMPILER_APPICON_NAME = AppIcon;
				COMBINE_HIDPI_IMAGES = YES;
				FRAMEWORK_SEARCH_PATHS = (
					"$(inherited)",
					/Users/rickard/Documents/Development/fileshuttle,
					"/Users/rickard/Documents/Development/droplet/droplet-client",
				);
				GCC_PRECOMPILE_PREFIX_HEADER = YES;
				GCC_PREFIX_HEADER = "Droplet/Droplet-Prefix.pch";
				INFOPLIST_FILE = "Droplet/Droplet-Info.plist";
				PRODUCT_NAME = "$(TARGET_NAME)";
				WRAPPER_EXTENSION = app;
			};
			name = Debug;
		};
		FF39EE02185657E4008796DA /* Release */ = {
			isa = XCBuildConfiguration;
			buildSettings = {
				ASSETCATALOG_COMPILER_APPICON_NAME = AppIcon;
				COMBINE_HIDPI_IMAGES = YES;
				FRAMEWORK_SEARCH_PATHS = (
					"$(inherited)",
					/Users/rickard/Documents/Development/fileshuttle,
					"/Users/rickard/Documents/Development/droplet/droplet-client",
				);
				GCC_PRECOMPILE_PREFIX_HEADER = YES;
				GCC_PREFIX_HEADER = "Droplet/Droplet-Prefix.pch";
				INFOPLIST_FILE = "Droplet/Droplet-Info.plist";
				PRODUCT_NAME = "$(TARGET_NAME)";
				WRAPPER_EXTENSION = app;
			};
			name = Release;
		};
		FF39EE04185657E4008796DA /* Debug */ = {
			isa = XCBuildConfiguration;
			buildSettings = {
				BUNDLE_LOADER = "$(BUILT_PRODUCTS_DIR)/Droplet.app/Contents/MacOS/Droplet";
				COMBINE_HIDPI_IMAGES = YES;
				FRAMEWORK_SEARCH_PATHS = (
					"$(DEVELOPER_FRAMEWORKS_DIR)",
					"$(inherited)",
				);
				GCC_PRECOMPILE_PREFIX_HEADER = YES;
				GCC_PREFIX_HEADER = "Droplet/Droplet-Prefix.pch";
				GCC_PREPROCESSOR_DEFINITIONS = (
					"DEBUG=1",
					"$(inherited)",
				);
				INFOPLIST_FILE = "DropletTests/DropletTests-Info.plist";
				PRODUCT_NAME = "$(TARGET_NAME)";
				TEST_HOST = "$(BUNDLE_LOADER)";
				WRAPPER_EXTENSION = xctest;
			};
			name = Debug;
		};
		FF39EE05185657E4008796DA /* Release */ = {
			isa = XCBuildConfiguration;
			buildSettings = {
				BUNDLE_LOADER = "$(BUILT_PRODUCTS_DIR)/Droplet.app/Contents/MacOS/Droplet";
				COMBINE_HIDPI_IMAGES = YES;
				FRAMEWORK_SEARCH_PATHS = (
					"$(DEVELOPER_FRAMEWORKS_DIR)",
					"$(inherited)",
				);
				GCC_PRECOMPILE_PREFIX_HEADER = YES;
				GCC_PREFIX_HEADER = "Droplet/Droplet-Prefix.pch";
				INFOPLIST_FILE = "DropletTests/DropletTests-Info.plist";
				PRODUCT_NAME = "$(TARGET_NAME)";
				TEST_HOST = "$(BUNDLE_LOADER)";
				WRAPPER_EXTENSION = xctest;
			};
			name = Release;
		};
/* End XCBuildConfiguration section */

/* Begin XCConfigurationList section */
		FF39EDCA185657E4008796DA /* Build configuration list for PBXProject "Droplet" */ = {
			isa = XCConfigurationList;
			buildConfigurations = (
				FF39EDFE185657E4008796DA /* Debug */,
				FF39EDFF185657E4008796DA /* Release */,
			);
			defaultConfigurationIsVisible = 0;
			defaultConfigurationName = Release;
		};
		FF39EE00185657E4008796DA /* Build configuration list for PBXNativeTarget "Droplet" */ = {
			isa = XCConfigurationList;
			buildConfigurations = (
				FF39EE01185657E4008796DA /* Debug */,
				FF39EE02185657E4008796DA /* Release */,
			);
			defaultConfigurationIsVisible = 0;
			defaultConfigurationName = Release;
		};
		FF39EE03185657E4008796DA /* Build configuration list for PBXNativeTarget "DropletTests" */ = {
			isa = XCConfigurationList;
			buildConfigurations = (
				FF39EE04185657E4008796DA /* Debug */,
				FF39EE05185657E4008796DA /* Release */,
			);
			defaultConfigurationIsVisible = 0;
			defaultConfigurationName = Release;
		};
/* End XCConfigurationList section */
	};
	rootObject = FF39EDC7185657E4008796DA /* Project object */;
}
